
Microsoft Visual Studio Solution File, Format Version 12.00
# Visual Studio Version 17
VisualStudioVersion = 17.2.32516.85
MinimumVisualStudioVersion = 10.0.40219.1
Project("{FAE04EC0-301F-11D3-BF4B-00C04F79EFBC}") = "ServerC", "ServerC\ServerC.csproj", "{7DB9B3D5-48E4-4755-9E7E-CB2794F40E31}"
EndProject
Global
	GlobalSection(SolutionConfigurationPlatforms) = preSolution
		Debug|Any CPU = Debug|Any CPU
		Release|Any CPU = Release|Any CPU
	EndGlobalSection
	GlobalSection(ProjectConfigurationPlatforms) = postSolution
		{7DB9B3D5-48E4-4755-9E7E-CB2794F40E31}.Debug|Any CPU.ActiveCfg = Debug|Any CPU
		{7DB9B3D5-48E4-4755-9E7E-CB2794F40E31}.Debug|Any CPU.Build.0 = Debug|Any CPU
		{7DB9B3D5-48E4-4755-9E7E-CB2794F40E31}.Release|Any CPU.ActiveCfg = Release|Any CPU
		{7DB9B3D5-48E4-4755-9E7E-CB2794F40E31}.Release|Any CPU.Build.0 = Release|Any CPU
	EndGlobalSection
	GlobalSection(SolutionProperties) = preSolution
		HideSolutionNode = FALSE
	EndGlobalSection
	GlobalSection(ExtensibilityGlobals) = postSolution
		SolutionGuid = {3A0CE5B6-615E-4BBE-BABA-5D1D9C5E12E7}
	EndGlobalSection
EndGlobal
